// !$*UTF8*$!
{
	archiveVersion = 1;
	classes = {
	};
	objectVersion = 56;
	objects = {

/* Begin PBXBuildFile section */
		3533F5F62CF18DAB001A9AB6 /* Vota_tu_peliApp.swift in Sources */ = {isa = PBXBuildFile; fileRef = 3533F5F52CF18DAB001A9AB6 /* Vota_tu_peliApp.swift */; };
		3533F5F82CF18DAB001A9AB6 /* Persistence.swift in Sources */ = {isa = PBXBuildFile; fileRef = 3533F5F72CF18DAB001A9AB6 /* Persistence.swift */; };
		3533F5FB2CF18DAC001A9AB6 /* Vota_tu_peli.xcdatamodeld in Sources */ = {isa = PBXBuildFile; fileRef = 3533F5F92CF18DAC001A9AB6 /* Vota_tu_peli.xcdatamodeld */; };
		3533F5FD2CF18DAC001A9AB6 /* ContentView.swift in Sources */ = {isa = PBXBuildFile; fileRef = 3533F5FC2CF18DAC001A9AB6 /* ContentView.swift */; };
		3533F5FF2CF18DAD001A9AB6 /* Assets.xcassets in Resources */ = {isa = PBXBuildFile; fileRef = 3533F5FE2CF18DAD001A9AB6 /* Assets.xcassets */; };
		3533F6032CF18DAD001A9AB6 /* Preview Assets.xcassets in Resources */ = {isa = PBXBuildFile; fileRef = 3533F6022CF18DAD001A9AB6 /* Preview Assets.xcassets */; };
		3533F60D2CF18DAE001A9AB6 /* Vota_tu_peliTests.swift in Sources */ = {isa = PBXBuildFile; fileRef = 3533F60C2CF18DAE001A9AB6 /* Vota_tu_peliTests.swift */; };
		3533F6172CF18DAE001A9AB6 /* Vota_tu_peliUITests.swift in Sources */ = {isa = PBXBuildFile; fileRef = 3533F6162CF18DAE001A9AB6 /* Vota_tu_peliUITests.swift */; };
		3533F6192CF18DAE001A9AB6 /* Vota_tu_peliUITestsLaunchTests.swift in Sources */ = {isa = PBXBuildFile; fileRef = 3533F6182CF18DAE001A9AB6 /* Vota_tu_peliUITestsLaunchTests.swift */; };
/* End PBXBuildFile section */

/* Begin PBXContainerItemProxy section */
		3533F6092CF18DAE001A9AB6 /* PBXContainerItemProxy */ = {
			isa = PBXContainerItemProxy;
			containerPortal = 3533F5EA2CF18DAB001A9AB6 /* Project object */;
			proxyType = 1;
			remoteGlobalIDString = 3533F5F12CF18DAB001A9AB6;
			remoteInfo = "Vota tu peli";
		};
		3533F6132CF18DAE001A9AB6 /* PBXContainerItemProxy */ = {
			isa = PBXContainerItemProxy;
			containerPortal = 3533F5EA2CF18DAB001A9AB6 /* Project object */;
			proxyType = 1;
			remoteGlobalIDString = 3533F5F12CF18DAB001A9AB6;
			remoteInfo = "Vota tu peli";
		};
/* End PBXContainerItemProxy section */

/* Begin PBXFileReference section */
		3533F5F22CF18DAB001A9AB6 /* Vota tu peli.app */ = {isa = PBXFileReference; explicitFileType = wrapper.application; includeInIndex = 0; path = "Vota tu peli.app"; sourceTree = BUILT_PRODUCTS_DIR; };
		3533F5F52CF18DAB001A9AB6 /* Vota_tu_peliApp.swift */ = {isa = PBXFileReference; lastKnownFileType = sourcecode.swift; path = Vota_tu_peliApp.swift; sourceTree = "<group>"; };
		3533F5F72CF18DAB001A9AB6 /* Persistence.swift */ = {isa = PBXFileReference; lastKnownFileType = sourcecode.swift; path = Persistence.swift; sourceTree = "<group>"; };
		3533F5FA2CF18DAC001A9AB6 /* Vota_tu_peli.xcdatamodel */ = {isa = PBXFileReference; lastKnownFileType = wrapper.xcdatamodel; path = Vota_tu_peli.xcdatamodel; sourceTree = "<group>"; };
		3533F5FC2CF18DAC001A9AB6 /* ContentView.swift */ = {isa = PBXFileReference; lastKnownFileType = sourcecode.swift; path = ContentView.swift; sourceTree = "<group>"; };
		3533F5FE2CF18DAD001A9AB6 /* Assets.xcassets */ = {isa = PBXFileReference; lastKnownFileType = folder.assetcatalog; path = Assets.xcassets; sourceTree = "<group>"; };
		3533F6002CF18DAD001A9AB6 /* Vota_tu_peli.entitlements */ = {isa = PBXFileReference; lastKnownFileType = text.plist.entitlements; path = Vota_tu_peli.entitlements; sourceTree = "<group>"; };
		3533F6022CF18DAD001A9AB6 /* Preview Assets.xcassets */ = {isa = PBXFileReference; lastKnownFileType = folder.assetcatalog; path = "Preview Assets.xcassets"; sourceTree = "<group>"; };
		3533F6082CF18DAE001A9AB6 /* Vota tu peliTests.xctest */ = {isa = PBXFileReference; explicitFileType = wrapper.cfbundle; includeInIndex = 0; path = "Vota tu peliTests.xctest"; sourceTree = BUILT_PRODUCTS_DIR; };
		3533F60C2CF18DAE001A9AB6 /* Vota_tu_peliTests.swift */ = {isa = PBXFileReference; lastKnownFileType = sourcecode.swift; path = Vota_tu_peliTests.swift; sourceTree = "<group>"; };
		3533F6122CF18DAE001A9AB6 /* Vota tu peliUITests.xctest */ = {isa = PBXFileReference; explicitFileType = wrapper.cfbundle; includeInIndex = 0; path = "Vota tu peliUITests.xctest"; sourceTree = BUILT_PRODUCTS_DIR; };
		3533F6162CF18DAE001A9AB6 /* Vota_tu_peliUITests.swift */ = {isa = PBXFileReference; lastKnownFileType = sourcecode.swift; path = Vota_tu_peliUITests.swift; sourceTree = "<group>"; };
		3533F6182CF18DAE001A9AB6 /* Vota_tu_peliUITestsLaunchTests.swift */ = {isa = PBXFileReference; lastKnownFileType = sourcecode.swift; path = Vota_tu_peliUITestsLaunchTests.swift; sourceTree = "<group>"; };
/* End PBXFileReference section */

/* Begin PBXFrameworksBuildPhase section */
		3533F5EF2CF18DAB001A9AB6 /* Frameworks */ = {
			isa = PBXFrameworksBuildPhase;
			buildActionMask = 2147483647;
			files = (
			);
			runOnlyForDeploymentPostprocessing = 0;
		};
		3533F6052CF18DAE001A9AB6 /* Frameworks */ = {
			isa = PBXFrameworksBuildPhase;
			buildActionMask = 2147483647;
			files = (
			);
			runOnlyForDeploymentPostprocessing = 0;
		};
		3533F60F2CF18DAE001A9AB6 /* Frameworks */ = {
			isa = PBXFrameworksBuildPhase;
			buildActionMask = 2147483647;
			files = (
			);
			runOnlyForDeploymentPostprocessing = 0;
		};
/* End PBXFrameworksBuildPhase section */

/* Begin PBXGroup section */
		3533F5E92CF18DAB001A9AB6 = {
			isa = PBXGroup;
			children = (
				3533F5F42CF18DAB001A9AB6 /* Vota tu peli */,
				3533F60B2CF18DAE001A9AB6 /* Vota tu peliTests */,
				3533F6152CF18DAE001A9AB6 /* Vota tu peliUITests */,
				3533F5F32CF18DAB001A9AB6 /* Products */,
			);
			sourceTree = "<group>";
		};
		3533F5F32CF18DAB001A9AB6 /* Products */ = {
			isa = PBXGroup;
			children = (
				3533F5F22CF18DAB001A9AB6 /* Vota tu peli.app */,
				3533F6082CF18DAE001A9AB6 /* Vota tu peliTests.xctest */,
				3533F6122CF18DAE001A9AB6 /* Vota tu peliUITests.xctest */,
			);
			name = Products;
			sourceTree = "<group>";
		};
		3533F5F42CF18DAB001A9AB6 /* Vota tu peli */ = {
			isa = PBXGroup;
			children = (
				3533F5F52CF18DAB001A9AB6 /* Vota_tu_peliApp.swift */,
				3533F5F72CF18DAB001A9AB6 /* Persistence.swift */,
				3533F5FC2CF18DAC001A9AB6 /* ContentView.swift */,
				3533F5FE2CF18DAD001A9AB6 /* Assets.xcassets */,
				3533F6002CF18DAD001A9AB6 /* Vota_tu_peli.entitlements */,
				3533F5F92CF18DAC001A9AB6 /* Vota_tu_peli.xcdatamodeld */,
				3533F6012CF18DAD001A9AB6 /* Preview Content */,
			);
			path = "Vota tu peli";
			sourceTree = "<group>";
		};
		3533F6012CF18DAD001A9AB6 /* Preview Content */ = {
			isa = PBXGroup;
			children = (
				3533F6022CF18DAD001A9AB6 /* Preview Assets.xcassets */,
			);
			path = "Preview Content";
			sourceTree = "<group>";
		};
		3533F60B2CF18DAE001A9AB6 /* Vota tu peliTests */ = {
			isa = PBXGroup;
			children = (
				3533F60C2CF18DAE001A9AB6 /* Vota_tu_peliTests.swift */,
			);
			path = "Vota tu peliTests";
			sourceTree = "<group>";
		};
		3533F6152CF18DAE001A9AB6 /* Vota tu peliUITests */ = {
			isa = PBXGroup;
			children = (
				3533F6162CF18DAE001A9AB6 /* Vota_tu_peliUITests.swift */,
				3533F6182CF18DAE001A9AB6 /* Vota_tu_peliUITestsLaunchTests.swift */,
			);
			path = "Vota tu peliUITests";
			sourceTree = "<group>";
		};
/* End PBXGroup section */

/* Begin PBXNativeTarget section */
		3533F5F12CF18DAB001A9AB6 /* Vota tu peli */ = {
			isa = PBXNativeTarget;
			buildConfigurationList = 3533F61C2CF18DAE001A9AB6 /* Build configuration list for PBXNativeTarget "Vota tu peli" */;
			buildPhases = (
				3533F5EE2CF18DAB001A9AB6 /* Sources */,
				3533F5EF2CF18DAB001A9AB6 /* Frameworks */,
				3533F5F02CF18DAB001A9AB6 /* Resources */,
			);
			buildRules = (
			);
			dependencies = (
			);
			name = "Vota tu peli";
			productName = "Vota tu peli";
			productReference = 3533F5F22CF18DAB001A9AB6 /* Vota tu peli.app */;
			productType = "com.apple.product-type.application";
		};
		3533F6072CF18DAE001A9AB6 /* Vota tu peliTests */ = {
			isa = PBXNativeTarget;
			buildConfigurationList = 3533F61F2CF18DAE001A9AB6 /* Build configuration list for PBXNativeTarget "Vota tu peliTests" */;
			buildPhases = (
				3533F6042CF18DAE001A9AB6 /* Sources */,
				3533F6052CF18DAE001A9AB6 /* Frameworks */,
				3533F6062CF18DAE001A9AB6 /* Resources */,
			);
			buildRules = (
			);
			dependencies = (
				3533F60A2CF18DAE001A9AB6 /* PBXTargetDependency */,
			);
			name = "Vota tu peliTests";
			productName = "Vota tu peliTests";
			productReference = 3533F6082CF18DAE001A9AB6 /* Vota tu peliTests.xctest */;
			productType = "com.apple.product-type.bundle.unit-test";
		};
		3533F6112CF18DAE001A9AB6 /* Vota tu peliUITests */ = {
			isa = PBXNativeTarget;
			buildConfigurationList = 3533F6222CF18DAE001A9AB6 /* Build configuration list for PBXNativeTarget "Vota tu peliUITests" */;
			buildPhases = (
				3533F60E2CF18DAE001A9AB6 /* Sources */,
				3533F60F2CF18DAE001A9AB6 /* Frameworks */,
				3533F6102CF18DAE001A9AB6 /* Resources */,
			);
			buildRules = (
			);
			dependencies = (
				3533F6142CF18DAE001A9AB6 /* PBXTargetDependency */,
			);
			name = "Vota tu peliUITests";
			productName = "Vota tu peliUITests";
			productReference = 3533F6122CF18DAE001A9AB6 /* Vota tu peliUITests.xctest */;
			productType = "com.apple.product-type.bundle.ui-testing";
		};
/* End PBXNativeTarget section */

/* Begin PBXProject section */
		3533F5EA2CF18DAB001A9AB6 /* Project object */ = {
			isa = PBXProject;
			attributes = {
				BuildIndependentTargetsInParallel = 1;
				LastSwiftUpdateCheck = 1540;
				LastUpgradeCheck = 1540;
				TargetAttributes = {
					3533F5F12CF18DAB001A9AB6 = {
						CreatedOnToolsVersion = 15.4;
					};
					3533F6072CF18DAE001A9AB6 = {
						CreatedOnToolsVersion = 15.4;
						TestTargetID = 3533F5F12CF18DAB001A9AB6;
					};
					3533F6112CF18DAE001A9AB6 = {
						CreatedOnToolsVersion = 15.4;
						TestTargetID = 3533F5F12CF18DAB001A9AB6;
					};
				};
			};
			buildConfigurationList = 3533F5ED2CF18DAB001A9AB6 /* Build configuration list for PBXProject "Vota tu peli" */;
			compatibilityVersion = "Xcode 14.0";
			developmentRegion = en;
			hasScannedForEncodings = 0;
			knownRegions = (
				en,
				Base,
			);
			mainGroup = 3533F5E92CF18DAB001A9AB6;
			productRefGroup = 3533F5F32CF18DAB001A9AB6 /* Products */;
			projectDirPath = "";
			projectRoot = "";
			targets = (
				3533F5F12CF18DAB001A9AB6 /* Vota tu peli */,
				3533F6072CF18DAE001A9AB6 /* Vota tu peliTests */,
				3533F6112CF18DAE001A9AB6 /* Vota tu peliUITests */,
			);
		};
/* End PBXProject section */

/* Begin PBXResourcesBuildPhase section */
		3533F5F02CF18DAB001A9AB6 /* Resources */ = {
			isa = PBXResourcesBuildPhase;
			buildActionMask = 2147483647;
			files = (
				3533F6032CF18DAD001A9AB6 /* Preview Assets.xcassets in Resources */,
				3533F5FF2CF18DAD001A9AB6 /* Assets.xcassets in Resources */,
			);
			runOnlyForDeploymentPostprocessing = 0;
		};
		3533F6062CF18DAE001A9AB6 /* Resources */ = {
			isa = PBXResourcesBuildPhase;
			buildActionMask = 2147483647;
			files = (
			);
			runOnlyForDeploymentPostprocessing = 0;
		};
		3533F6102CF18DAE001A9AB6 /* Resources */ = {
			isa = PBXResourcesBuildPhase;
			buildActionMask = 2147483647;
			files = (
			);
			runOnlyForDeploymentPostprocessing = 0;
		};
/* End PBXResourcesBuildPhase section */

/* Begin PBXSourcesBuildPhase section */
		3533F5EE2CF18DAB001A9AB6 /* Sources */ = {
			isa = PBXSourcesBuildPhase;
			buildActionMask = 2147483647;
			files = (
				3533F5F62CF18DAB001A9AB6 /* Vota_tu_peliApp.swift in Sources */,
				3533F5FB2CF18DAC001A9AB6 /* Vota_tu_peli.xcdatamodeld in Sources */,
				3533F5FD2CF18DAC001A9AB6 /* ContentView.swift in Sources */,
				3533F5F82CF18DAB001A9AB6 /* Persistence.swift in Sources */,
			);
			runOnlyForDeploymentPostprocessing = 0;
		};
		3533F6042CF18DAE001A9AB6 /* Sources */ = {
			isa = PBXSourcesBuildPhase;
			buildActionMask = 2147483647;
			files = (
				3533F60D2CF18DAE001A9AB6 /* Vota_tu_peliTests.swift in Sources */,
			);
			runOnlyForDeploymentPostprocessing = 0;
		};
		3533F60E2CF18DAE001A9AB6 /* Sources */ = {
			isa = PBXSourcesBuildPhase;
			buildActionMask = 2147483647;
			files = (
				3533F6172CF18DAE001A9AB6 /* Vota_tu_peliUITests.swift in Sources */,
				3533F6192CF18DAE001A9AB6 /* Vota_tu_peliUITestsLaunchTests.swift in Sources */,
			);
			runOnlyForDeploymentPostprocessing = 0;
		};
/* End PBXSourcesBuildPhase section */

/* Begin PBXTargetDependency section */
		3533F60A2CF18DAE001A9AB6 /* PBXTargetDependency */ = {
			isa = PBXTargetDependency;
			target = 3533F5F12CF18DAB001A9AB6 /* Vota tu peli */;
			targetProxy = 3533F6092CF18DAE001A9AB6 /* PBXContainerItemProxy */;
		};
		3533F6142CF18DAE001A9AB6 /* PBXTargetDependency */ = {
			isa = PBXTargetDependency;
			target = 3533F5F12CF18DAB001A9AB6 /* Vota tu peli */;
			targetProxy = 3533F6132CF18DAE001A9AB6 /* PBXContainerItemProxy */;
		};
/* End PBXTargetDependency section */

/* Begin XCBuildConfiguration section */
		3533F61A2CF18DAE001A9AB6 /* Debug */ = {
			isa = XCBuildConfiguration;
			buildSettings = {
				ALWAYS_SEARCH_USER_PATHS = NO;
				ASSETCATALOG_COMPILER_GENERATE_SWIFT_ASSET_SYMBOL_EXTENSIONS = YES;
				CLANG_ANALYZER_NONNULL = YES;
				CLANG_ANALYZER_NUMBER_OBJECT_CONVERSION = YES_AGGRESSIVE;
				CLANG_CXX_LANGUAGE_STANDARD = "gnu++20";
				CLANG_ENABLE_MODULES = YES;
				CLANG_ENABLE_OBJC_ARC = YES;
				CLANG_ENABLE_OBJC_WEAK = YES;
				CLANG_WARN_BLOCK_CAPTURE_AUTORELEASING = YES;
				CLANG_WARN_BOOL_CONVERSION = YES;
				CLANG_WARN_COMMA = YES;
				CLANG_WARN_CONSTANT_CONVERSION = YES;
				CLANG_WARN_DEPRECATED_OBJC_IMPLEMENTATIONS = YES;
				CLANG_WARN_DIRECT_OBJC_ISA_USAGE = YES_ERROR;
				CLANG_WARN_DOCUMENTATION_COMMENTS = YES;
				CLANG_WARN_EMPTY_BODY = YES;
				CLANG_WARN_ENUM_CONVERSION = YES;
				CLANG_WARN_INFINITE_RECURSION = YES;
				CLANG_WARN_INT_CONVERSION = YES;
				CLANG_WARN_NON_LITERAL_NULL_CONVERSION = YES;
				CLANG_WARN_OBJC_IMPLICIT_RETAIN_SELF = YES;
				CLANG_WARN_OBJC_LITERAL_CONVERSION = YES;
				CLANG_WARN_OBJC_ROOT_CLASS = YES_ERROR;
				CLANG_WARN_QUOTED_INCLUDE_IN_FRAMEWORK_HEADER = YES;
				CLANG_WARN_RANGE_LOOP_ANALYSIS = YES;
				CLANG_WARN_STRICT_PROTOTYPES = YES;
				CLANG_WARN_SUSPICIOUS_MOVE = YES;
				CLANG_WARN_UNGUARDED_AVAILABILITY = YES_AGGRESSIVE;
				CLANG_WARN_UNREACHABLE_CODE = YES;
				CLANG_WARN__DUPLICATE_METHOD_MATCH = YES;
				COPY_PHASE_STRIP = NO;
				DEBUG_INFORMATION_FORMAT = dwarf;
				ENABLE_STRICT_OBJC_MSGSEND = YES;
				ENABLE_TESTABILITY = YES;
				ENABLE_USER_SCRIPT_SANDBOXING = YES;
				GCC_C_LANGUAGE_STANDARD = gnu17;
				GCC_DYNAMIC_NO_PIC = NO;
				GCC_NO_COMMON_BLOCKS = YES;
				GCC_OPTIMIZATION_LEVEL = 0;
				GCC_PREPROCESSOR_DEFINITIONS = (
					"DEBUG=1",
					"$(inherited)",
				);
				GCC_WARN_64_TO_32_BIT_CONVERSION = YES;
				GCC_WARN_ABOUT_RETURN_TYPE = YES_ERROR;
				GCC_WARN_UNDECLARED_SELECTOR = YES;
				GCC_WARN_UNINITIALIZED_AUTOS = YES_AGGRESSIVE;
				GCC_WARN_UNUSED_FUNCTION = YES;
				GCC_WARN_UNUSED_VARIABLE = YES;
				LOCALIZATION_PREFERS_STRING_CATALOGS = YES;
				MTL_ENABLE_DEBUG_INFO = INCLUDE_SOURCE;
				MTL_FAST_MATH = YES;
				ONLY_ACTIVE_ARCH = YES;
				SWIFT_ACTIVE_COMPILATION_CONDITIONS = "DEBUG $(inherited)";
				SWIFT_OPTIMIZATION_LEVEL = "-Onone";
			};
			name = Debug;
		};
		3533F61B2CF18DAE001A9AB6 /* Release */ = {
			isa = XCBuildConfiguration;
			buildSettings = {
				ALWAYS_SEARCH_USER_PATHS = NO;
				ASSETCATALOG_COMPILER_GENERATE_SWIFT_ASSET_SYMBOL_EXTENSIONS = YES;
				CLANG_ANALYZER_NONNULL = YES;
				CLANG_ANALYZER_NUMBER_OBJECT_CONVERSION = YES_AGGRESSIVE;
				CLANG_CXX_LANGUAGE_STANDARD = "gnu++20";
				CLANG_ENABLE_MODULES = YES;
				CLANG_ENABLE_OBJC_ARC = YES;
				CLANG_ENABLE_OBJC_WEAK = YES;
				CLANG_WARN_BLOCK_CAPTURE_AUTORELEASING = YES;
				CLANG_WARN_BOOL_CONVERSION = YES;
				CLANG_WARN_COMMA = YES;
				CLANG_WARN_CONSTANT_CONVERSION = YES;
				CLANG_WARN_DEPRECATED_OBJC_IMPLEMENTATIONS = YES;
				CLANG_WARN_DIRECT_OBJC_ISA_USAGE = YES_ERROR;
				CLANG_WARN_DOCUMENTATION_COMMENTS = YES;
				CLANG_WARN_EMPTY_BODY = YES;
				CLANG_WARN_ENUM_CONVERSION = YES;
				CLANG_WARN_INFINITE_RECURSION = YES;
				CLANG_WARN_INT_CONVERSION = YES;
				CLANG_WARN_NON_LITERAL_NULL_CONVERSION = YES;
				CLANG_WARN_OBJC_IMPLICIT_RETAIN_SELF = YES;
				CLANG_WARN_OBJC_LITERAL_CONVERSION = YES;
				CLANG_WARN_OBJC_ROOT_CLASS = YES_ERROR;
				CLANG_WARN_QUOTED_INCLUDE_IN_FRAMEWORK_HEADER = YES;
				CLANG_WARN_RANGE_LOOP_ANALYSIS = YES;
				CLANG_WARN_STRICT_PROTOTYPES = YES;
				CLANG_WARN_SUSPICIOUS_MOVE = YES;
				CLANG_WARN_UNGUARDED_AVAILABILITY = YES_AGGRESSIVE;
				CLANG_WARN_UNREACHABLE_CODE = YES;
				CLANG_WARN__DUPLICATE_METHOD_MATCH = YES;
				COPY_PHASE_STRIP = NO;
				DEBUG_INFORMATION_FORMAT = "dwarf-with-dsym";
				ENABLE_NS_ASSERTIONS = NO;
				ENABLE_STRICT_OBJC_MSGSEND = YES;
				ENABLE_USER_SCRIPT_SANDBOXING = YES;
				GCC_C_LANGUAGE_STANDARD = gnu17;
				GCC_NO_COMMON_BLOCKS = YES;
				GCC_WARN_64_TO_32_BIT_CONVERSION = YES;
				GCC_WARN_ABOUT_RETURN_TYPE = YES_ERROR;
				GCC_WARN_UNDECLARED_SELECTOR = YES;
				GCC_WARN_UNINITIALIZED_AUTOS = YES_AGGRESSIVE;
				GCC_WARN_UNUSED_FUNCTION = YES;
				GCC_WARN_UNUSED_VARIABLE = YES;
				LOCALIZATION_PREFERS_STRING_CATALOGS = YES;
				MTL_ENABLE_DEBUG_INFO = NO;
				MTL_FAST_MATH = YES;
				SWIFT_COMPILATION_MODE = wholemodule;
			};
			name = Release;
		};
		3533F61D2CF18DAE001A9AB6 /* Debug */ = {
			isa = XCBuildConfiguration;
			buildSettings = {
				ASSETCATALOG_COMPILER_APPICON_NAME = AppIcon;
				ASSETCATALOG_COMPILER_GLOBAL_ACCENT_COLOR_NAME = AccentColor;
				CODE_SIGN_ENTITLEMENTS = "Vota tu peli/Vota_tu_peli.entitlements";
				CODE_SIGN_STYLE = Automatic;
				CURRENT_PROJECT_VERSION = 1;
				DEVELOPMENT_ASSET_PATHS = "\"Vota tu peli/Preview Content\"";
				DEVELOPMENT_TEAM = ZJ853TF8Y4;
				ENABLE_HARDENED_RUNTIME = YES;
				ENABLE_PREVIEWS = YES;
				GENERATE_INFOPLIST_FILE = YES;
				"INFOPLIST_KEY_UIApplicationSceneManifest_Generation[sdk=iphoneos*]" = YES;
				"INFOPLIST_KEY_UIApplicationSceneManifest_Generation[sdk=iphonesimulator*]" = YES;
				"INFOPLIST_KEY_UIApplicationSupportsIndirectInputEvents[sdk=iphoneos*]" = YES;
				"INFOPLIST_KEY_UIApplicationSupportsIndirectInputEvents[sdk=iphonesimulator*]" = YES;
				"INFOPLIST_KEY_UILaunchScreen_Generation[sdk=iphoneos*]" = YES;
				"INFOPLIST_KEY_UILaunchScreen_Generation[sdk=iphonesimulator*]" = YES;
				"INFOPLIST_KEY_UIStatusBarStyle[sdk=iphoneos*]" = UIStatusBarStyleDefault;
				"INFOPLIST_KEY_UIStatusBarStyle[sdk=iphonesimulator*]" = UIStatusBarStyleDefault;
				INFOPLIST_KEY_UISupportedInterfaceOrientations_iPad = "UIInterfaceOrientationPortrait UIInterfaceOrientationPortraitUpsideDown UIInterfaceOrientationLandscapeLeft UIInterfaceOrientationLandscapeRight";
				INFOPLIST_KEY_UISupportedInterfaceOrientations_iPhone = "UIInterfaceOrientationPortrait UIInterfaceOrientationLandscapeLeft UIInterfaceOrientationLandscapeRight";
				IPHONEOS_DEPLOYMENT_TARGET = 17.5;
				LD_RUNPATH_SEARCH_PATHS = "@executable_path/Frameworks";
				"LD_RUNPATH_SEARCH_PATHS[sdk=macosx*]" = "@executable_path/../Frameworks";
				MACOSX_DEPLOYMENT_TARGET = 14.2;
				MARKETING_VERSION = 1.0;
				PRODUCT_BUNDLE_IDENTIFIER = "com.lv.Vota-tu-peli";
				PRODUCT_NAME = "$(TARGET_NAME)";
				SDKROOT = auto;
				SUPPORTED_PLATFORMS = "iphoneos iphonesimulator macosx";
				SWIFT_EMIT_LOC_STRINGS = YES;
				SWIFT_VERSION = 5.0;
				TARGETED_DEVICE_FAMILY = "1,2";
			};
			name = Debug;
		};
		3533F61E2CF18DAE001A9AB6 /* Release */ = {
			isa = XCBuildConfiguration;
			buildSettings = {
				ASSETCATALOG_COMPILER_APPICON_NAME = AppIcon;
				ASSETCATALOG_COMPILER_GLOBAL_ACCENT_COLOR_NAME = AccentColor;
				CODE_SIGN_ENTITLEMENTS = "Vota tu peli/Vota_tu_peli.entitlements";
				CODE_SIGN_STYLE = Automatic;
				CURRENT_PROJECT_VERSION = 1;
				DEVELOPMENT_ASSET_PATHS = "\"Vota tu peli/Preview Content\"";
				DEVELOPMENT_TEAM = ZJ853TF8Y4;
				ENABLE_HARDENED_RUNTIME = YES;
				ENABLE_PREVIEWS = YES;
				GENERATE_INFOPLIST_FILE = YES;
				"INFOPLIST_KEY_UIApplicationSceneManifest_Generation[sdk=iphoneos*]" = YES;
				"INFOPLIST_KEY_UIApplicationSceneManifest_Generation[sdk=iphonesimulator*]" = YES;
				"INFOPLIST_KEY_UIApplicationSupportsIndirectInputEvents[sdk=iphoneos*]" = YES;
				"INFOPLIST_KEY_UIApplicationSupportsIndirectInputEvents[sdk=iphonesimulator*]" = YES;
				"INFOPLIST_KEY_UILaunchScreen_Generation[sdk=iphoneos*]" = YES;
				"INFOPLIST_KEY_UILaunchScreen_Generation[sdk=iphonesimulator*]" = YES;
				"INFOPLIST_KEY_UIStatusBarStyle[sdk=iphoneos*]" = UIStatusBarStyleDefault;
				"INFOPLIST_KEY_UIStatusBarStyle[sdk=iphonesimulator*]" = UIStatusBarStyleDefault;
				INFOPLIST_KEY_UISupportedInterfaceOrientations_iPad = "UIInterfaceOrientationPortrait UIInterfaceOrientationPortraitUpsideDown UIInterfaceOrientationLandscapeLeft UIInterfaceOrientationLandscapeRight";
				INFOPLIST_KEY_UISupportedInterfaceOrientations_iPhone = "UIInterfaceOrientationPortrait UIInterfaceOrientationLandscapeLeft UIInterfaceOrientationLandscapeRight";
				IPHONEOS_DEPLOYMENT_TARGET = 17.5;
				LD_RUNPATH_SEARCH_PATHS = "@executable_path/Frameworks";
				"LD_RUNPATH_SEARCH_PATHS[sdk=macosx*]" = "@executable_path/../Frameworks";
				MACOSX_DEPLOYMENT_TARGET = 14.2;
				MARKETING_VERSION = 1.0;
				PRODUCT_BUNDLE_IDENTIFIER = "com.lv.Vota-tu-peli";
				PRODUCT_NAME = "$(TARGET_NAME)";
				SDKROOT = auto;
				SUPPORTED_PLATFORMS = "iphoneos iphonesimulator macosx";
				SWIFT_EMIT_LOC_STRINGS = YES;
				SWIFT_VERSION = 5.0;
				TARGETED_DEVICE_FAMILY = "1,2";
			};
			name = Release;
		};
		3533F6202CF18DAE001A9AB6 /* Debug */ = {
			isa = XCBuildConfiguration;
			buildSettings = {
				ALWAYS_EMBED_SWIFT_STANDARD_LIBRARIES = YES;
				BUNDLE_LOADER = "$(TEST_HOST)";
				CODE_SIGN_STYLE = Automatic;
				CURRENT_PROJECT_VERSION = 1;
				DEVELOPMENT_TEAM = ZJ853TF8Y4;
				GENERATE_INFOPLIST_FILE = YES;
				IPHONEOS_DEPLOYMENT_TARGET = 17.5;
				MACOSX_DEPLOYMENT_TARGET = 14.2;
				MARKETING_VERSION = 1.0;
				PRODUCT_BUNDLE_IDENTIFIER = "com.lv.Vota-tu-peliTests";
				PRODUCT_NAME = "$(TARGET_NAME)";
				SDKROOT = auto;
				SUPPORTED_PLATFORMS = "iphoneos iphonesimulator macosx";
				SWIFT_EMIT_LOC_STRINGS = NO;
				SWIFT_VERSION = 5.0;
				TARGETED_DEVICE_FAMILY = "1,2";
				TEST_HOST = "$(BUILT_PRODUCTS_DIR)/Vota tu peli.app/$(BUNDLE_EXECUTABLE_FOLDER_PATH)/Vota tu peli";
			};
			name = Debug;
		};
		3533F6212CF18DAE001A9AB6 /* Release */ = {
			isa = XCBuildConfiguration;
			buildSettings = {
				ALWAYS_EMBED_SWIFT_STANDARD_LIBRARIES = YES;
				BUNDLE_LOADER = "$(TEST_HOST)";
				CODE_SIGN_STYLE = Automatic;
				CURRENT_PROJECT_VERSION = 1;
				DEVELOPMENT_TEAM = ZJ853TF8Y4;
				GENERATE_INFOPLIST_FILE = YES;
				IPHONEOS_DEPLOYMENT_TARGET = 17.5;
				MACOSX_DEPLOYMENT_TARGET = 14.2;
				MARKETING_VERSION = 1.0;
				PRODUCT_BUNDLE_IDENTIFIER = "com.lv.Vota-tu-peliTests";
				PRODUCT_NAME = "$(TARGET_NAME)";
				SDKROOT = auto;
				SUPPORTED_PLATFORMS = "iphoneos iphonesimulator macosx";
				SWIFT_EMIT_LOC_STRINGS = NO;
				SWIFT_VERSION = 5.0;
				TARGETED_DEVICE_FAMILY = "1,2";
				TEST_HOST = "$(BUILT_PRODUCTS_DIR)/Vota tu peli.app/$(BUNDLE_EXECUTABLE_FOLDER_PATH)/Vota tu peli";
			};
			name = Release;
		};
		3533F6232CF18DAE001A9AB6 /* Debug */ = {
			isa = XCBuildConfiguration;
			buildSettings = {
				ALWAYS_EMBED_SWIFT_STANDARD_LIBRARIES = YES;
				CODE_SIGN_STYLE = Automatic;
				CURRENT_PROJECT_VERSION = 1;
				DEVELOPMENT_TEAM = ZJ853TF8Y4;
				GENERATE_INFOPLIST_FILE = YES;
				IPHONEOS_DEPLOYMENT_TARGET = 17.5;
				MACOSX_DEPLOYMENT_TARGET = 14.2;
				MARKETING_VERSION = 1.0;
				PRODUCT_BUNDLE_IDENTIFIER = "com.lv.Vota-tu-peliUITests";
				PRODUCT_NAME = "$(TARGET_NAME)";
				SDKROOT = auto;
				SUPPORTED_PLATFORMS = "iphoneos iphonesimulator macosx";
				SWIFT_EMIT_LOC_STRINGS = NO;
				SWIFT_VERSION = 5.0;
				TARGETED_DEVICE_FAMILY = "1,2";
				TEST_TARGET_NAME = "Vota tu peli";
			};
			name = Debug;
		};
		3533F6242CF18DAE001A9AB6 /* Release */ = {
			isa = XCBuildConfiguration;
			buildSettings = {
				ALWAYS_EMBED_SWIFT_STANDARD_LIBRARIES = YES;
				CODE_SIGN_STYLE = Automatic;
				CURRENT_PROJECT_VERSION = 1;
				DEVELOPMENT_TEAM = ZJ853TF8Y4;
				GENERATE_INFOPLIST_FILE = YES;
				IPHONEOS_DEPLOYMENT_TARGET = 17.5;
				MACOSX_DEPLOYMENT_TARGET = 14.2;
				MARKETING_VERSION = 1.0;
				PRODUCT_BUNDLE_IDENTIFIER = "com.lv.Vota-tu-peliUITests";
				PRODUCT_NAME = "$(TARGET_NAME)";
				SDKROOT = auto;
				SUPPORTED_PLATFORMS = "iphoneos iphonesimulator macosx";
				SWIFT_EMIT_LOC_STRINGS = NO;
				SWIFT_VERSION = 5.0;
				TARGETED_DEVICE_FAMILY = "1,2";
				TEST_TARGET_NAME = "Vota tu peli";
			};
			name = Release;
		};
/* End XCBuildConfiguration section */

/* Begin XCConfigurationList section */
		3533F5ED2CF18DAB001A9AB6 /* Build configuration list for PBXProject "Vota tu peli" */ = {
			isa = XCConfigurationList;
			buildConfigurations = (
				3533F61A2CF18DAE001A9AB6 /* Debug */,
				3533F61B2CF18DAE001A9AB6 /* Release */,
			);
			defaultConfigurationIsVisible = 0;
			defaultConfigurationName = Release;
		};
		3533F61C2CF18DAE001A9AB6 /* Build configuration list for PBXNativeTarget "Vota tu peli" */ = {
			isa = XCConfigurationList;
			buildConfigurations = (
				3533F61D2CF18DAE001A9AB6 /* Debug */,
				3533F61E2CF18DAE001A9AB6 /* Release */,
			);
			defaultConfigurationIsVisible = 0;
			defaultConfigurationName = Release;
		};
		3533F61F2CF18DAE001A9AB6 /* Build configuration list for PBXNativeTarget "Vota tu peliTests" */ = {
			isa = XCConfigurationList;
			buildConfigurations = (
				3533F6202CF18DAE001A9AB6 /* Debug */,
				3533F6212CF18DAE001A9AB6 /* Release */,
			);
			defaultConfigurationIsVisible = 0;
			defaultConfigurationName = Release;
		};
		3533F6222CF18DAE001A9AB6 /* Build configuration list for PBXNativeTarget "Vota tu peliUITests" */ = {
			isa = XCConfigurationList;
			buildConfigurations = (
				3533F6232CF18DAE001A9AB6 /* Debug */,
				3533F6242CF18DAE001A9AB6 /* Release */,
			);
			defaultConfigurationIsVisible = 0;
			defaultConfigurationName = Release;
		};
/* End XCConfigurationList section */

/* Begin XCVersionGroup section */
		3533F5F92CF18DAC001A9AB6 /* Vota_tu_peli.xcdatamodeld */ = {
			isa = XCVersionGroup;
			children = (
				3533F5FA2CF18DAC001A9AB6 /* Vota_tu_peli.xcdatamodel */,
			);
			currentVersion = 3533F5FA2CF18DAC001A9AB6 /* Vota_tu_peli.xcdatamodel */;
			path = Vota_tu_peli.xcdatamodeld;
			sourceTree = "<group>";
			versionGroupType = wrapper.xcdatamodel;
		};
/* End XCVersionGroup section */
	};
	rootObject = 3533F5EA2CF18DAB001A9AB6 /* Project object */;
}
